
Microsoft Visual Studio Solution File, Format Version 10.00
# Visual Studio 2008
Project("{F184B08F-C81C-45F6-A57F-5ABD9991F28F}") = "CSICustomBuilders", "CSICustomBuilders.vbproj", "{C095FC2C-F5CD-4140-89EC-54C17453D827}"
EndProject
Global
	GlobalSection(SolutionConfigurationPlatforms) = preSolution
		Debug|Any CPU = Debug|Any CPU
		Release|Any CPU = Release|Any CPU
	EndGlobalSection
	GlobalSection(ProjectConfigurationPlatforms) = postSolution
		{C095FC2C-F5CD-4140-89EC-54C17453D827}.Debug|Any CPU.ActiveCfg = Debug|Any CPU
		{C095FC2C-F5CD-4140-89EC-54C17453D827}.Debug|Any CPU.Build.0 = Debug|Any CPU
		{C095FC2C-F5CD-4140-89EC-54C17453D827}.Release|Any CPU.ActiveCfg = Release|Any CPU
		{C095FC2C-F5CD-4140-89EC-54C17453D827}.Release|Any CPU.Build.0 = Release|Any CPU
	EndGlobalSection
	GlobalSection(SolutionProperties) = preSolution
		HideSolutionNode = FALSE
	EndGlobalSection
EndGlobal
